
Microsoft Visual Studio Solution File, Format Version 12.00
# Visual Studio 2013
VisualStudioVersion = 12.0.31101.0
MinimumVisualStudioVersion = 10.0.40219.1
Project("{FAE04EC0-301F-11D3-BF4B-00C04F79EFBC}") = "NDS20_WindowsPlayer", "NDS20_WindowsPlayer\NDS20_WindowsPlayer.csproj", "{6EE9ACA1-58B2-4439-9EEC-F1896F767FE8}"
	ProjectSection(ProjectDependencies) = postProject
		{24860783-A729-4A14-98C0-9A34BF138BDB} = {24860783-A729-4A14-98C0-9A34BF138BDB}
		{47E251AE-A5EE-4526-BDC1-3C008936E80A} = {47E251AE-A5EE-4526-BDC1-3C008936E80A}
	EndProjectSection
EndProject
Project("{FAE04EC0-301F-11D3-BF4B-00C04F79EFBC}") = "Vlc.DotNet.Core - CLR 4 - .Net 4.5", "src\Vlc.DotNet.Core\Vlc.DotNet.Core - CLR 4 - .Net 4.5.csproj", "{24860783-A729-4A14-98C0-9A34BF138BDB}"
EndProject
Project("{FAE04EC0-301F-11D3-BF4B-00C04F79EFBC}") = "Vlc.DotNet.Core.Interops - CLR 4 - .Net 4.5", "src\Vlc.DotNet.Core.Interops\Vlc.DotNet.Core.Interops - CLR 4 - .Net 4.5.csproj", "{47E251AE-A5EE-4526-BDC1-3C008936E80A}"
EndProject
Project("{FAE04EC0-301F-11D3-BF4B-00C04F79EFBC}") = "Vlc.DotNet.Forms - CLR 4 - .Net 4.5", "src\Vlc.DotNet.Forms\Vlc.DotNet.Forms - CLR 4 - .Net 4.5.csproj", "{914DE831-4DFA-44F6-96C1-27CF3B89A2CD}"
EndProject
Global
	GlobalSection(SolutionConfigurationPlatforms) = preSolution
		Debug|x64 = Debug|x64
		Debug|x86 = Debug|x86
		Release|x64 = Release|x64
		Release|x86 = Release|x86
	EndGlobalSection
	GlobalSection(ProjectConfigurationPlatforms) = postSolution
		{6EE9ACA1-58B2-4439-9EEC-F1896F767FE8}.Debug|x64.ActiveCfg = Debug|x64
		{6EE9ACA1-58B2-4439-9EEC-F1896F767FE8}.Debug|x64.Build.0 = Debug|x64
		{6EE9ACA1-58B2-4439-9EEC-F1896F767FE8}.Debug|x86.ActiveCfg = Debug|x86
		{6EE9ACA1-58B2-4439-9EEC-F1896F767FE8}.Debug|x86.Build.0 = Debug|x86
		{6EE9ACA1-58B2-4439-9EEC-F1896F767FE8}.Release|x64.ActiveCfg = Release|x64
		{6EE9ACA1-58B2-4439-9EEC-F1896F767FE8}.Release|x64.Build.0 = Release|x64
		{6EE9ACA1-58B2-4439-9EEC-F1896F767FE8}.Release|x86.ActiveCfg = Release|x86
		{6EE9ACA1-58B2-4439-9EEC-F1896F767FE8}.Release|x86.Build.0 = Release|x86
		{24860783-A729-4A14-98C0-9A34BF138BDB}.Debug|x64.ActiveCfg = Debug|x64
		{24860783-A729-4A14-98C0-9A34BF138BDB}.Debug|x64.Build.0 = Debug|x64
		{24860783-A729-4A14-98C0-9A34BF138BDB}.Debug|x86.ActiveCfg = Debug|x86
		{24860783-A729-4A14-98C0-9A34BF138BDB}.Debug|x86.Build.0 = Debug|x86
		{24860783-A729-4A14-98C0-9A34BF138BDB}.Release|x64.ActiveCfg = Release|x64
		{24860783-A729-4A14-98C0-9A34BF138BDB}.Release|x64.Build.0 = Release|x64
		{24860783-A729-4A14-98C0-9A34BF138BDB}.Release|x86.ActiveCfg = Release|x86
		{24860783-A729-4A14-98C0-9A34BF138BDB}.Release|x86.Build.0 = Release|x86
		{47E251AE-A5EE-4526-BDC1-3C008936E80A}.Debug|x64.ActiveCfg = Debug|x64
		{47E251AE-A5EE-4526-BDC1-3C008936E80A}.Debug|x64.Build.0 = Debug|x64
		{47E251AE-A5EE-4526-BDC1-3C008936E80A}.Debug|x86.ActiveCfg = Debug|x86
		{47E251AE-A5EE-4526-BDC1-3C008936E80A}.Debug|x86.Build.0 = Debug|x86
		{47E251AE-A5EE-4526-BDC1-3C008936E80A}.Release|x64.ActiveCfg = Release|x64
		{47E251AE-A5EE-4526-BDC1-3C008936E80A}.Release|x64.Build.0 = Release|x64
		{47E251AE-A5EE-4526-BDC1-3C008936E80A}.Release|x86.ActiveCfg = Release|x86
		{47E251AE-A5EE-4526-BDC1-3C008936E80A}.Release|x86.Build.0 = Release|x86
		{914DE831-4DFA-44F6-96C1-27CF3B89A2CD}.Debug|x64.ActiveCfg = Debug|x64
		{914DE831-4DFA-44F6-96C1-27CF3B89A2CD}.Debug|x64.Build.0 = Debug|x64
		{914DE831-4DFA-44F6-96C1-27CF3B89A2CD}.Debug|x86.ActiveCfg = Debug|x86
		{914DE831-4DFA-44F6-96C1-27CF3B89A2CD}.Debug|x86.Build.0 = Debug|x86
		{914DE831-4DFA-44F6-96C1-27CF3B89A2CD}.Release|x64.ActiveCfg = Release|x64
		{914DE831-4DFA-44F6-96C1-27CF3B89A2CD}.Release|x64.Build.0 = Release|x64
		{914DE831-4DFA-44F6-96C1-27CF3B89A2CD}.Release|x86.ActiveCfg = Release|x86
		{914DE831-4DFA-44F6-96C1-27CF3B89A2CD}.Release|x86.Build.0 = Release|x86
	EndGlobalSection
	GlobalSection(SolutionProperties) = preSolution
		HideSolutionNode = FALSE
	EndGlobalSection
EndGlobal
